
Microsoft Visual Studio Solution File, Format Version 12.00
# Visual Studio Version 17
VisualStudioVersion = 17.13.35828.75 d17.13
MinimumVisualStudioVersion = 10.0.40219.1
Project("{FAE04EC0-301F-11D3-BF4B-00C04F79EFBC}") = "EntityFramework", "EntityFramework\EntityFramework.csproj", "{6B7B4A4C-B9B8-41F9-8023-ADE8BD8026C4}"
EndProject
Global
	GlobalSection(SolutionConfigurationPlatforms) = preSolution
		Debug|Any CPU = Debug|Any CPU
		Release|Any CPU = Release|Any CPU
	EndGlobalSection
	GlobalSection(ProjectConfigurationPlatforms) = postSolution
		{6B7B4A4C-B9B8-41F9-8023-ADE8BD8026C4}.Debug|Any CPU.ActiveCfg = Debug|Any CPU
		{6B7B4A4C-B9B8-41F9-8023-ADE8BD8026C4}.Debug|Any CPU.Build.0 = Debug|Any CPU
		{6B7B4A4C-B9B8-41F9-8023-ADE8BD8026C4}.Release|Any CPU.ActiveCfg = Release|Any CPU
		{6B7B4A4C-B9B8-41F9-8023-ADE8BD8026C4}.Release|Any CPU.Build.0 = Release|Any CPU
	EndGlobalSection
	GlobalSection(SolutionProperties) = preSolution
		HideSolutionNode = FALSE
	EndGlobalSection
	GlobalSection(ExtensibilityGlobals) = postSolution
		SolutionGuid = {F7DCB581-74D7-49D0-BF86-C5362F585157}
	EndGlobalSection
EndGlobal
